
Microsoft Visual Studio Solution File, Format Version 12.00
# Visual Studio 15
VisualStudioVersion = 15.0.27428.2005
MinimumVisualStudioVersion = 10.0.40219.1
Project("{FAE04EC0-301F-11D3-BF4B-00C04F79EFBC}") = "ProgRunnerSvc", "ProgRunnerSvc.csproj", "{163CFC3E-7145-4E4F-93E3-1E8E48D33730}"
EndProject
Project("{FAE04EC0-301F-11D3-BF4B-00C04F79EFBC}") = "ProgRunnerTest", "ProgRunnerTest\ProgRunnerTest.csproj", "{0FD08D54-58B9-420A-A8E3-9DED0C72F846}"
EndProject
Global
	GlobalSection(SolutionConfigurationPlatforms) = preSolution
		Debug|Any CPU = Debug|Any CPU
		Release|Any CPU = Release|Any CPU
	EndGlobalSection
	GlobalSection(ProjectConfigurationPlatforms) = postSolution
		{163CFC3E-7145-4E4F-93E3-1E8E48D33730}.Debug|Any CPU.ActiveCfg = Debug|Any CPU
		{163CFC3E-7145-4E4F-93E3-1E8E48D33730}.Debug|Any CPU.Build.0 = Debug|Any CPU
		{163CFC3E-7145-4E4F-93E3-1E8E48D33730}.Release|Any CPU.ActiveCfg = Release|Any CPU
		{163CFC3E-7145-4E4F-93E3-1E8E48D33730}.Release|Any CPU.Build.0 = Release|Any CPU
		{0FD08D54-58B9-420A-A8E3-9DED0C72F846}.Debug|Any CPU.ActiveCfg = Debug|Any CPU
		{0FD08D54-58B9-420A-A8E3-9DED0C72F846}.Debug|Any CPU.Build.0 = Debug|Any CPU
		{0FD08D54-58B9-420A-A8E3-9DED0C72F846}.Release|Any CPU.ActiveCfg = Release|Any CPU
		{0FD08D54-58B9-420A-A8E3-9DED0C72F846}.Release|Any CPU.Build.0 = Release|Any CPU
	EndGlobalSection
	GlobalSection(SolutionProperties) = preSolution
		HideSolutionNode = FALSE
	EndGlobalSection
	GlobalSection(ExtensibilityGlobals) = postSolution
		SolutionGuid = {0F3599C3-1916-45E3-B166-36D2FBC95430}
	EndGlobalSection
EndGlobal
